
Microsoft Visual Studio Solution File, Format Version 12.00
# Visual Studio 2013
VisualStudioVersion = 12.0.31101.0
MinimumVisualStudioVersion = 10.0.40219.1
Project("{FAE04EC0-301F-11D3-BF4B-00C04F79EFBC}") = "RadPager", "RadPager\RadPager.csproj", "{4516C594-9C77-4031-8AD3-AF9850E44670}"
EndProject
Project("{FAE04EC0-301F-11D3-BF4B-00C04F79EFBC}") = "RadPager.Web", "RadPager.Web\RadPager.Web.csproj", "{BC2E6DA3-7A7C-4B88-B9C1-251C38D88515}"
EndProject
Global
	GlobalSection(SolutionConfigurationPlatforms) = preSolution
		Debug|Any CPU = Debug|Any CPU
		Release|Any CPU = Release|Any CPU
	EndGlobalSection
	GlobalSection(ProjectConfigurationPlatforms) = postSolution
		{4516C594-9C77-4031-8AD3-AF9850E44670}.Debug|Any CPU.ActiveCfg = Debug|Any CPU
		{4516C594-9C77-4031-8AD3-AF9850E44670}.Debug|Any CPU.Build.0 = Debug|Any CPU
		{4516C594-9C77-4031-8AD3-AF9850E44670}.Release|Any CPU.ActiveCfg = Release|Any CPU
		{4516C594-9C77-4031-8AD3-AF9850E44670}.Release|Any CPU.Build.0 = Release|Any CPU
		{BC2E6DA3-7A7C-4B88-B9C1-251C38D88515}.Debug|Any CPU.ActiveCfg = Debug|Any CPU
		{BC2E6DA3-7A7C-4B88-B9C1-251C38D88515}.Debug|Any CPU.Build.0 = Debug|Any CPU
		{BC2E6DA3-7A7C-4B88-B9C1-251C38D88515}.Release|Any CPU.ActiveCfg = Release|Any CPU
		{BC2E6DA3-7A7C-4B88-B9C1-251C38D88515}.Release|Any CPU.Build.0 = Release|Any CPU
	EndGlobalSection
	GlobalSection(SolutionProperties) = preSolution
		HideSolutionNode = FALSE
	EndGlobalSection
EndGlobal
